
Microsoft Visual Studio Solution File, Format Version 12.00
# Visual Studio Version 17
VisualStudioVersion = 17.0.32126.317
MinimumVisualStudioVersion = 10.0.40219.1
Project("{E24C65DC-7377-472B-9ABA-BC803B73C61A}") = "RazorTest", "RazorTest\", "{880515C3-A88C-4F7C-95AD-A464B9651A4D}"
	ProjectSection(WebsiteProperties) = preProject
		TargetFrameworkMoniker = ".NETFramework,Version%3Dv4.7.2"
		Debug.AspNetCompiler.VirtualPath = "/localhost_58504"
		Debug.AspNetCompiler.PhysicalPath = "RazorTest\"
		Debug.AspNetCompiler.TargetPath = "PrecompiledWeb\localhost_58504\"
		Debug.AspNetCompiler.Updateable = "true"
		Debug.AspNetCompiler.ForceOverwrite = "true"
		Debug.AspNetCompiler.FixedNames = "false"
		Debug.AspNetCompiler.Debug = "True"
		Release.AspNetCompiler.VirtualPath = "/localhost_58504"
		Release.AspNetCompiler.PhysicalPath = "RazorTest\"
		Release.AspNetCompiler.TargetPath = "PrecompiledWeb\localhost_58504\"
		Release.AspNetCompiler.Updateable = "true"
		Release.AspNetCompiler.ForceOverwrite = "true"
		Release.AspNetCompiler.FixedNames = "false"
		Release.AspNetCompiler.Debug = "False"
		VWDPort = "58504"
		SlnRelativePath = "RazorTest\"
		DefaultWebSiteLanguage = "Visual C#"
	EndProjectSection
EndProject
Global
	GlobalSection(SolutionConfigurationPlatforms) = preSolution
		Debug|Any CPU = Debug|Any CPU
	EndGlobalSection
	GlobalSection(ProjectConfigurationPlatforms) = postSolution
		{880515C3-A88C-4F7C-95AD-A464B9651A4D}.Debug|Any CPU.ActiveCfg = Debug|Any CPU
		{880515C3-A88C-4F7C-95AD-A464B9651A4D}.Debug|Any CPU.Build.0 = Debug|Any CPU
	EndGlobalSection
	GlobalSection(SolutionProperties) = preSolution
		HideSolutionNode = FALSE
	EndGlobalSection
	GlobalSection(ExtensibilityGlobals) = postSolution
		SolutionGuid = {F4EDC70E-B76C-4CB5-955D-4CA605F8EAA2}
	EndGlobalSection
EndGlobal
